
Microsoft Visual Studio Solution File, Format Version 12.00
# Visual Studio Version 16
VisualStudioVersion = 16.0.31112.23
MinimumVisualStudioVersion = 10.0.40219.1
Project("{FAE04EC0-301F-11D3-BF4B-00C04F79EFBC}") = "Rom Sorter", "Rom Sorter\Rom Sorter.csproj", "{3A412185-70A4-41DA-90E7-36BCF04E878F}"
EndProject
Global
	GlobalSection(SolutionConfigurationPlatforms) = preSolution
		Debug|Any CPU = Debug|Any CPU
		Release|Any CPU = Release|Any CPU
	EndGlobalSection
	GlobalSection(ProjectConfigurationPlatforms) = postSolution
		{3A412185-70A4-41DA-90E7-36BCF04E878F}.Debug|Any CPU.ActiveCfg = Debug|Any CPU
		{3A412185-70A4-41DA-90E7-36BCF04E878F}.Debug|Any CPU.Build.0 = Debug|Any CPU
		{3A412185-70A4-41DA-90E7-36BCF04E878F}.Release|Any CPU.ActiveCfg = Release|Any CPU
		{3A412185-70A4-41DA-90E7-36BCF04E878F}.Release|Any CPU.Build.0 = Release|Any CPU
	EndGlobalSection
	GlobalSection(SolutionProperties) = preSolution
		HideSolutionNode = FALSE
	EndGlobalSection
	GlobalSection(ExtensibilityGlobals) = postSolution
		SolutionGuid = {B1C133D1-FF31-4C73-A591-B6D5A852CEBC}
	EndGlobalSection
EndGlobal
